
Microsoft Visual Studio Solution File, Format Version 12.00
# Visual Studio Version 17
VisualStudioVersion = 17.6.33801.468
MinimumVisualStudioVersion = 10.0.40219.1
Project("{9A19103F-16F7-4668-BE54-9A1E7A4F7556}") = "Calculator lib", "Calculator lib\Calculator lib.csproj", "{ED20A557-D7C3-4639-AC09-1BD97E7CE8A6}"
EndProject
Project("{9A19103F-16F7-4668-BE54-9A1E7A4F7556}") = "Console.Calculator", "Console.Calculator\Console.Calculator.csproj", "{71F67E7D-D7FB-4438-8857-87D1D3B88366}"
EndProject
Global
	GlobalSection(SolutionConfigurationPlatforms) = preSolution
		Debug|Any CPU = Debug|Any CPU
		Release|Any CPU = Release|Any CPU
	EndGlobalSection
	GlobalSection(ProjectConfigurationPlatforms) = postSolution
		{ED20A557-D7C3-4639-AC09-1BD97E7CE8A6}.Debug|Any CPU.ActiveCfg = Debug|Any CPU
		{ED20A557-D7C3-4639-AC09-1BD97E7CE8A6}.Debug|Any CPU.Build.0 = Debug|Any CPU
		{ED20A557-D7C3-4639-AC09-1BD97E7CE8A6}.Release|Any CPU.ActiveCfg = Release|Any CPU
		{ED20A557-D7C3-4639-AC09-1BD97E7CE8A6}.Release|Any CPU.Build.0 = Release|Any CPU
		{71F67E7D-D7FB-4438-8857-87D1D3B88366}.Debug|Any CPU.ActiveCfg = Debug|Any CPU
		{71F67E7D-D7FB-4438-8857-87D1D3B88366}.Debug|Any CPU.Build.0 = Debug|Any CPU
		{71F67E7D-D7FB-4438-8857-87D1D3B88366}.Release|Any CPU.ActiveCfg = Release|Any CPU
		{71F67E7D-D7FB-4438-8857-87D1D3B88366}.Release|Any CPU.Build.0 = Release|Any CPU
	EndGlobalSection
	GlobalSection(SolutionProperties) = preSolution
		HideSolutionNode = FALSE
	EndGlobalSection
	GlobalSection(ExtensibilityGlobals) = postSolution
		SolutionGuid = {42359FAB-A16E-463D-B997-FCDCBE9A1084}
	EndGlobalSection
EndGlobal
